
Microsoft Visual Studio Solution File, Format Version 12.00
# Visual Studio Version 17
VisualStudioVersion = 17.10.34928.147
MinimumVisualStudioVersion = 10.0.40219.1
Project("{9A19103F-16F7-4668-BE54-9A1E7A4F7556}") = "CraApp.Tests", "CraApp.Tests\CraApp.Tests.csproj", "{C73A303F-5634-4B58-AA03-94C2180C84C7}"
EndProject
Project("{9A19103F-16F7-4668-BE54-9A1E7A4F7556}") = "CraApp", "CraApp\CraApp.csproj", "{F55AB9A1-F8EA-4369-8F4F-C315DA963AE6}"
EndProject
Project("{E53339B2-1760-4266-BCC7-CA923CBCF16C}") = "docker-compose", "docker-compose.dcproj", "{AA18B1C2-BA94-4457-A07B-C6A1A07306F6}"
EndProject
Project("{FAE04EC0-301F-11D3-BF4B-00C04F79EFBC}") = "CraApp.Web", "..\CraApp.Web\CraApp.Web.csproj", "{6BE2546F-C4B2-4F5C-B98F-D7DB5FD9D083}"
EndProject
Global
	GlobalSection(SolutionConfigurationPlatforms) = preSolution
		Debug|Any CPU = Debug|Any CPU
		Release|Any CPU = Release|Any CPU
	EndGlobalSection
	GlobalSection(ProjectConfigurationPlatforms) = postSolution
		{C73A303F-5634-4B58-AA03-94C2180C84C7}.Debug|Any CPU.ActiveCfg = Debug|Any CPU
		{C73A303F-5634-4B58-AA03-94C2180C84C7}.Debug|Any CPU.Build.0 = Debug|Any CPU
		{C73A303F-5634-4B58-AA03-94C2180C84C7}.Release|Any CPU.ActiveCfg = Release|Any CPU
		{C73A303F-5634-4B58-AA03-94C2180C84C7}.Release|Any CPU.Build.0 = Release|Any CPU
		{F55AB9A1-F8EA-4369-8F4F-C315DA963AE6}.Debug|Any CPU.ActiveCfg = Debug|Any CPU
		{F55AB9A1-F8EA-4369-8F4F-C315DA963AE6}.Debug|Any CPU.Build.0 = Debug|Any CPU
		{F55AB9A1-F8EA-4369-8F4F-C315DA963AE6}.Release|Any CPU.ActiveCfg = Release|Any CPU
		{F55AB9A1-F8EA-4369-8F4F-C315DA963AE6}.Release|Any CPU.Build.0 = Release|Any CPU
		{AA18B1C2-BA94-4457-A07B-C6A1A07306F6}.Debug|Any CPU.ActiveCfg = Debug|Any CPU
		{AA18B1C2-BA94-4457-A07B-C6A1A07306F6}.Debug|Any CPU.Build.0 = Debug|Any CPU
		{AA18B1C2-BA94-4457-A07B-C6A1A07306F6}.Release|Any CPU.ActiveCfg = Release|Any CPU
		{AA18B1C2-BA94-4457-A07B-C6A1A07306F6}.Release|Any CPU.Build.0 = Release|Any CPU
		{6BE2546F-C4B2-4F5C-B98F-D7DB5FD9D083}.Debug|Any CPU.ActiveCfg = Debug|Any CPU
		{6BE2546F-C4B2-4F5C-B98F-D7DB5FD9D083}.Debug|Any CPU.Build.0 = Debug|Any CPU
		{6BE2546F-C4B2-4F5C-B98F-D7DB5FD9D083}.Release|Any CPU.ActiveCfg = Release|Any CPU
		{6BE2546F-C4B2-4F5C-B98F-D7DB5FD9D083}.Release|Any CPU.Build.0 = Release|Any CPU
	EndGlobalSection
	GlobalSection(SolutionProperties) = preSolution
		HideSolutionNode = FALSE
	EndGlobalSection
	GlobalSection(ExtensibilityGlobals) = postSolution
		SolutionGuid = {E08692AF-1704-42E1-977F-0D2E51A9B8E8}
	EndGlobalSection
EndGlobal
