
Microsoft Visual Studio Solution File, Format Version 12.00
# Visual Studio Version 17
VisualStudioVersion = 17.10.34928.147
MinimumVisualStudioVersion = 10.0.40219.1
Project("{FAE04EC0-301F-11D3-BF4B-00C04F79EFBC}") = "CraApp.Tests", "CraApp.Tests\CraApp.Tests.csproj", "{C73A303F-5634-4B58-AA03-94C2180C84C7}"
EndProject
Project("{FAE04EC0-301F-11D3-BF4B-00C04F79EFBC}") = "CraApp", "CraApp\CraApp.csproj", "{F55AB9A1-F8EA-4369-8F4F-C315DA963AE6}"
EndProject
Global
	GlobalSection(SolutionConfigurationPlatforms) = preSolution
		Debug|Any CPU = Debug|Any CPU
		Release|Any CPU = Release|Any CPU
	EndGlobalSection
	GlobalSection(ProjectConfigurationPlatforms) = postSolution
		{C73A303F-5634-4B58-AA03-94C2180C84C7}.Debug|Any CPU.ActiveCfg = Debug|Any CPU
		{C73A303F-5634-4B58-AA03-94C2180C84C7}.Debug|Any CPU.Build.0 = Debug|Any CPU
		{C73A303F-5634-4B58-AA03-94C2180C84C7}.Release|Any CPU.ActiveCfg = Release|Any CPU
		{C73A303F-5634-4B58-AA03-94C2180C84C7}.Release|Any CPU.Build.0 = Release|Any CPU
		{F55AB9A1-F8EA-4369-8F4F-C315DA963AE6}.Debug|Any CPU.ActiveCfg = Debug|Any CPU
		{F55AB9A1-F8EA-4369-8F4F-C315DA963AE6}.Debug|Any CPU.Build.0 = Debug|Any CPU
		{F55AB9A1-F8EA-4369-8F4F-C315DA963AE6}.Release|Any CPU.ActiveCfg = Release|Any CPU
		{F55AB9A1-F8EA-4369-8F4F-C315DA963AE6}.Release|Any CPU.Build.0 = Release|Any CPU
	EndGlobalSection
	GlobalSection(SolutionProperties) = preSolution
		HideSolutionNode = FALSE
	EndGlobalSection
	GlobalSection(ExtensibilityGlobals) = postSolution
		SolutionGuid = {E08692AF-1704-42E1-977F-0D2E51A9B8E8}
	EndGlobalSection
EndGlobal
